// !$*UTF8*$!
{
	archiveVersion = 1;
	classes = {};
	objectVersion = 77;
	objects = {

/* Begin PBXBuildFile section */
		100000000000000000000001 /* ZimloApp.swift in Sources */ = {isa = PBXBuildFile; fileRef = 200000000000000000000001 /* ZimloApp.swift */; };
		100000000000000000000002 /* Models.swift in Sources */ = {isa = PBXBuildFile; fileRef = 200000000000000000000002 /* Models.swift */; };
		100000000000000000000003 /* DesignSystem.swift in Sources */ = {isa = PBXBuildFile; fileRef = 200000000000000000000003 /* DesignSystem.swift */; };
		100000000000000000000004 /* Crypto.swift in Sources */ = {isa = PBXBuildFile; fileRef = 200000000000000000000004 /* Crypto.swift */; };
		100000000000000000000005 /* KeychainStore.swift in Sources */ = {isa = PBXBuildFile; fileRef = 200000000000000000000005 /* KeychainStore.swift */; };
		100000000000000000000006 /* BridgeClient.swift in Sources */ = {isa = PBXBuildFile; fileRef = 200000000000000000000006 /* BridgeClient.swift */; };
		100000000000000000000007 /* AppModel.swift in Sources */ = {isa = PBXBuildFile; fileRef = 200000000000000000000007 /* AppModel.swift */; };
		100000000000000000000008 /* RootView.swift in Sources */ = {isa = PBXBuildFile; fileRef = 200000000000000000000008 /* RootView.swift */; };
		100000000000000000000009 /* FeedView.swift in Sources */ = {isa = PBXBuildFile; fileRef = 200000000000000000000009 /* FeedView.swift */; };
		10000000000000000000000A /* VoiceInput.swift in Sources */ = {isa = PBXBuildFile; fileRef = 20000000000000000000000A /* VoiceInput.swift */; };
		10000000000000000000000B /* TaskViews.swift in Sources */ = {isa = PBXBuildFile; fileRef = 20000000000000000000000B /* TaskViews.swift */; };
		10000000000000000000000C /* SecondaryViews.swift in Sources */ = {isa = PBXBuildFile; fileRef = 20000000000000000000000C /* SecondaryViews.swift */; };
		10000000000000000000000D /* PairingView.swift in Sources */ = {isa = PBXBuildFile; fileRef = 20000000000000000000000D /* PairingView.swift */; };
		10000000000000000000000E /* avatars in Resources */ = {isa = PBXBuildFile; fileRef = 20000000000000000000000E /* avatars */; };
		10000000000000000000000F /* CryptoTests.swift in Sources */ = {isa = PBXBuildFile; fileRef = 20000000000000000000000F /* CryptoTests.swift */; };
		100000000000000000000011 /* NotificationManager.swift in Sources */ = {isa = PBXBuildFile; fileRef = 200000000000000000000013 /* NotificationManager.swift */; };
		100000000000000000000012 /* NotificationService.swift in Sources */ = {isa = PBXBuildFile; fileRef = 200000000000000000000015 /* NotificationService.swift */; };
		100000000000000000000013 /* ZimloNotificationService.appex in Embed App Extensions */ = {isa = PBXBuildFile; fileRef = 200000000000000000000018 /* ZimloNotificationService.appex */; settings = {ATTRIBUTES = (RemoveHeadersOnCopy, ); }; };
		100000000000000000000014 /* SnapshotCache.swift in Sources */ = {isa = PBXBuildFile; fileRef = 200000000000000000000019 /* SnapshotCache.swift */; };
		100000000000000000000015 /* PrivacyInfo.xcprivacy in Resources */ = {isa = PBXBuildFile; fileRef = 20000000000000000000001A /* PrivacyInfo.xcprivacy */; };
		100000000000000000000016 /* SharedRules.swift in Sources */ = {isa = PBXBuildFile; fileRef = 20000000000000000000001B /* SharedRules.swift */; };
		100000000000000000000017 /* Haptics.swift in Sources */ = {isa = PBXBuildFile; fileRef = 20000000000000000000001C /* Haptics.swift */; };
		100000000000000000000018 /* ApprovalSheet.swift in Sources */ = {isa = PBXBuildFile; fileRef = 20000000000000000000001D /* ApprovalSheet.swift */; };
		10000000000000000000001C /* QuickApprove.swift in Sources */ = {isa = PBXBuildFile; fileRef = 200000000000000000000021 /* QuickApprove.swift */; };
		100000000000000000000019 /* OutboxView.swift in Sources */ = {isa = PBXBuildFile; fileRef = 20000000000000000000001E /* OutboxView.swift */; };
		10000000000000000000001A /* VectorTests.swift in Sources */ = {isa = PBXBuildFile; fileRef = 20000000000000000000001F /* VectorTests.swift */; };
		10000000000000000000001B /* BehaviorTests.swift in Sources */ = {isa = PBXBuildFile; fileRef = 200000000000000000000020 /* BehaviorTests.swift */; };
		10000000000000000000001D /* Assets.xcassets in Resources */ = {isa = PBXBuildFile; fileRef = 200000000000000000000022 /* Assets.xcassets */; };
		10000000000000000000001E /* MaterialSupport.swift in Sources */ = {isa = PBXBuildFile; fileRef = 200000000000000000000023 /* MaterialSupport.swift */; };
		10000000000000000000001F /* providers in Resources */ = {isa = PBXBuildFile; fileRef = 200000000000000000000025 /* providers */; };
		100000000000000000000020 /* ZimloContract.generated.swift in Sources */ = {isa = PBXBuildFile; fileRef = 200000000000000000000024 /* ZimloContract.generated.swift */; };
		100000000000000000000021 /* PhoneSetupView.swift in Sources */ = {isa = PBXBuildFile; fileRef = 200000000000000000000026 /* PhoneSetupView.swift */; };
/* End PBXBuildFile section */

/* Begin PBXContainerItemProxy section */
		300000000000000000000001 /* PBXContainerItemProxy */ = {
			isa = PBXContainerItemProxy;
			containerPortal = 900000000000000000000001 /* Project object */;
			proxyType = 1;
			remoteGlobalIDString = 700000000000000000000001;
			remoteInfo = Zimlo;
		};
		300000000000000000000003 /* PBXContainerItemProxy */ = {
			isa = PBXContainerItemProxy;
			containerPortal = 900000000000000000000001 /* Project object */;
			proxyType = 1;
			remoteGlobalIDString = 700000000000000000000003;
			remoteInfo = ZimloNotificationService;
		};
/* End PBXContainerItemProxy section */

/* Begin PBXFileReference section */
		200000000000000000000001 /* ZimloApp.swift */ = {isa = PBXFileReference; lastKnownFileType = sourcecode.swift; path = ZimloApp.swift; sourceTree = "<group>"; };
		200000000000000000000002 /* Models.swift */ = {isa = PBXFileReference; lastKnownFileType = sourcecode.swift; path = Models.swift; sourceTree = "<group>"; };
		200000000000000000000003 /* DesignSystem.swift */ = {isa = PBXFileReference; lastKnownFileType = sourcecode.swift; path = DesignSystem.swift; sourceTree = "<group>"; };
		200000000000000000000004 /* Crypto.swift */ = {isa = PBXFileReference; lastKnownFileType = sourcecode.swift; path = Crypto.swift; sourceTree = "<group>"; };
		200000000000000000000005 /* KeychainStore.swift */ = {isa = PBXFileReference; lastKnownFileType = sourcecode.swift; path = KeychainStore.swift; sourceTree = "<group>"; };
		200000000000000000000006 /* BridgeClient.swift */ = {isa = PBXFileReference; lastKnownFileType = sourcecode.swift; path = BridgeClient.swift; sourceTree = "<group>"; };
		200000000000000000000007 /* AppModel.swift */ = {isa = PBXFileReference; lastKnownFileType = sourcecode.swift; path = AppModel.swift; sourceTree = "<group>"; };
		200000000000000000000008 /* RootView.swift */ = {isa = PBXFileReference; lastKnownFileType = sourcecode.swift; path = RootView.swift; sourceTree = "<group>"; };
		200000000000000000000009 /* FeedView.swift */ = {isa = PBXFileReference; lastKnownFileType = sourcecode.swift; path = FeedView.swift; sourceTree = "<group>"; };
		20000000000000000000000A /* VoiceInput.swift */ = {isa = PBXFileReference; lastKnownFileType = sourcecode.swift; path = VoiceInput.swift; sourceTree = "<group>"; };
		20000000000000000000000B /* TaskViews.swift */ = {isa = PBXFileReference; lastKnownFileType = sourcecode.swift; path = TaskViews.swift; sourceTree = "<group>"; };
		20000000000000000000000C /* SecondaryViews.swift */ = {isa = PBXFileReference; lastKnownFileType = sourcecode.swift; path = SecondaryViews.swift; sourceTree = "<group>"; };
		20000000000000000000000D /* PairingView.swift */ = {isa = PBXFileReference; lastKnownFileType = sourcecode.swift; path = PairingView.swift; sourceTree = "<group>"; };
		20000000000000000000000E /* avatars */ = {isa = PBXFileReference; lastKnownFileType = folder; path = Resources/avatars; sourceTree = "<group>"; };
		20000000000000000000000F /* CryptoTests.swift */ = {isa = PBXFileReference; lastKnownFileType = sourcecode.swift; path = CryptoTests.swift; sourceTree = "<group>"; };
		200000000000000000000010 /* Zimlo.app */ = {isa = PBXFileReference; explicitFileType = wrapper.application; includeInIndex = 0; path = Zimlo.app; sourceTree = BUILT_PRODUCTS_DIR; };
		200000000000000000000011 /* ZimloTests.xctest */ = {isa = PBXFileReference; explicitFileType = wrapper.cfbundle; includeInIndex = 0; path = ZimloTests.xctest; sourceTree = BUILT_PRODUCTS_DIR; };
		200000000000000000000012 /* Icons */ = {isa = PBXFileReference; lastKnownFileType = folder; path = Resources/Icons; sourceTree = "<group>"; };
		200000000000000000000013 /* NotificationManager.swift */ = {isa = PBXFileReference; lastKnownFileType = sourcecode.swift; path = NotificationManager.swift; sourceTree = "<group>"; };
		200000000000000000000014 /* Zimlo.entitlements */ = {isa = PBXFileReference; lastKnownFileType = text.plist.entitlements; path = Zimlo.entitlements; sourceTree = "<group>"; };
		200000000000000000000015 /* NotificationService.swift */ = {isa = PBXFileReference; lastKnownFileType = sourcecode.swift; path = NotificationService.swift; sourceTree = "<group>"; };
		200000000000000000000016 /* Info.plist */ = {isa = PBXFileReference; lastKnownFileType = text.plist.xml; path = Info.plist; sourceTree = "<group>"; };
		200000000000000000000017 /* ZimloNotificationService.entitlements */ = {isa = PBXFileReference; lastKnownFileType = text.plist.entitlements; path = ZimloNotificationService.entitlements; sourceTree = "<group>"; };
		200000000000000000000018 /* ZimloNotificationService.appex */ = {isa = PBXFileReference; explicitFileType = "wrapper.app-extension"; includeInIndex = 0; path = ZimloNotificationService.appex; sourceTree = BUILT_PRODUCTS_DIR; };
		200000000000000000000019 /* SnapshotCache.swift */ = {isa = PBXFileReference; lastKnownFileType = sourcecode.swift; path = SnapshotCache.swift; sourceTree = "<group>"; };
		20000000000000000000001A /* PrivacyInfo.xcprivacy */ = {isa = PBXFileReference; lastKnownFileType = text.xml; path = PrivacyInfo.xcprivacy; sourceTree = "<group>"; };
		20000000000000000000001B /* SharedRules.swift */ = {isa = PBXFileReference; lastKnownFileType = sourcecode.swift; path = SharedRules.swift; sourceTree = "<group>"; };
		20000000000000000000001C /* Haptics.swift */ = {isa = PBXFileReference; lastKnownFileType = sourcecode.swift; path = Haptics.swift; sourceTree = "<group>"; };
		20000000000000000000001D /* ApprovalSheet.swift */ = {isa = PBXFileReference; lastKnownFileType = sourcecode.swift; path = ApprovalSheet.swift; sourceTree = "<group>"; };
		200000000000000000000021 /* QuickApprove.swift */ = {isa = PBXFileReference; lastKnownFileType = sourcecode.swift; path = QuickApprove.swift; sourceTree = "<group>"; };
		20000000000000000000001E /* OutboxView.swift */ = {isa = PBXFileReference; lastKnownFileType = sourcecode.swift; path = OutboxView.swift; sourceTree = "<group>"; };
		20000000000000000000001F /* VectorTests.swift */ = {isa = PBXFileReference; lastKnownFileType = sourcecode.swift; path = VectorTests.swift; sourceTree = "<group>"; };
		200000000000000000000020 /* BehaviorTests.swift */ = {isa = PBXFileReference; lastKnownFileType = sourcecode.swift; path = BehaviorTests.swift; sourceTree = "<group>"; };
		200000000000000000000022 /* Assets.xcassets */ = {isa = PBXFileReference; lastKnownFileType = folder.assetcatalog; path = Resources/Assets.xcassets; sourceTree = "<group>"; };
		200000000000000000000023 /* MaterialSupport.swift */ = {isa = PBXFileReference; lastKnownFileType = sourcecode.swift; path = MaterialSupport.swift; sourceTree = "<group>"; };
		200000000000000000000024 /* ZimloContract.generated.swift */ = {isa = PBXFileReference; lastKnownFileType = sourcecode.swift; path = ZimloContract.generated.swift; sourceTree = "<group>"; };
		200000000000000000000025 /* providers */ = {isa = PBXFileReference; lastKnownFileType = folder; name = providers; path = ../../shared/branding/providers; sourceTree = "<group>"; };
		200000000000000000000026 /* PhoneSetupView.swift */ = {isa = PBXFileReference; lastKnownFileType = sourcecode.swift; path = PhoneSetupView.swift; sourceTree = "<group>"; };
/* End PBXFileReference section */

/* Begin PBXFrameworksBuildPhase section */
		400000000000000000000001 = {isa = PBXFrameworksBuildPhase; buildActionMask = 2147483647; files = (); runOnlyForDeploymentPostprocessing = 0; };
		400000000000000000000002 = {isa = PBXFrameworksBuildPhase; buildActionMask = 2147483647; files = (); runOnlyForDeploymentPostprocessing = 0; };
		400000000000000000000003 = {isa = PBXFrameworksBuildPhase; buildActionMask = 2147483647; files = (); runOnlyForDeploymentPostprocessing = 0; };
/* End PBXFrameworksBuildPhase section */

/* Begin PBXGroup section */
		500000000000000000000001 = {
			isa = PBXGroup;
			children = (
				500000000000000000000002 /* Zimlo */,
				500000000000000000000003 /* ZimloTests */,
				500000000000000000000005 /* ZimloNotificationService */,
				500000000000000000000004 /* Products */,
			);
			sourceTree = "<group>";
		};
		500000000000000000000002 /* Zimlo */ = {
			isa = PBXGroup;
			path = Zimlo;
			sourceTree = "<group>";
			children = (
				200000000000000000000001, 200000000000000000000002, 200000000000000000000003,
				200000000000000000000004, 200000000000000000000005, 200000000000000000000006,
				200000000000000000000007, 200000000000000000000008, 200000000000000000000009,
				20000000000000000000000A, 20000000000000000000000B, 20000000000000000000000C,
				20000000000000000000000D, 20000000000000000000000E, 200000000000000000000012,
				200000000000000000000013, 200000000000000000000014, 200000000000000000000019,
				20000000000000000000001A, 20000000000000000000001B, 20000000000000000000001C,
				20000000000000000000001D, 20000000000000000000001E,
				200000000000000000000021,
				200000000000000000000022,
				200000000000000000000023,
				200000000000000000000024,
				200000000000000000000025,
				200000000000000000000026,
			);
		};
		500000000000000000000003 /* ZimloTests */ = {isa = PBXGroup; path = ZimloTests; sourceTree = "<group>"; children = (20000000000000000000000F, 20000000000000000000001F, 200000000000000000000020,); };
		500000000000000000000004 /* Products */ = {isa = PBXGroup; children = (200000000000000000000010, 200000000000000000000011, 200000000000000000000018,); name = Products; sourceTree = "<group>"; };
		500000000000000000000005 /* ZimloNotificationService */ = {
			isa = PBXGroup;
			path = ZimloNotificationService;
			sourceTree = "<group>";
			children = (200000000000000000000015, 200000000000000000000016, 200000000000000000000017,);
		};
/* End PBXGroup section */

/* Begin PBXNativeTarget section */
		700000000000000000000001 /* Zimlo */ = {
			isa = PBXNativeTarget;
			buildConfigurationList = 800000000000000000000002;
			buildPhases = (600000000000000000000001, 400000000000000000000001, 600000000000000000000002, 600000000000000000000006,);
			buildRules = ();
			dependencies = (300000000000000000000004,);
			name = Zimlo;
			productName = Zimlo;
			productReference = 200000000000000000000010;
			productType = "com.apple.product-type.application";
		};
		700000000000000000000002 /* ZimloTests */ = {
			isa = PBXNativeTarget;
			buildConfigurationList = 800000000000000000000003;
			buildPhases = (600000000000000000000003, 400000000000000000000002,);
			buildRules = ();
			dependencies = (300000000000000000000002,);
			name = ZimloTests;
			productName = ZimloTests;
			productReference = 200000000000000000000011;
			productType = "com.apple.product-type.bundle.unit-test";
		};
		700000000000000000000003 /* ZimloNotificationService */ = {
			isa = PBXNativeTarget;
			buildConfigurationList = 800000000000000000000004;
			buildPhases = (600000000000000000000004, 400000000000000000000003, 600000000000000000000005,);
			buildRules = ();
			dependencies = ();
			name = ZimloNotificationService;
			productName = ZimloNotificationService;
			productReference = 200000000000000000000018;
			productType = "com.apple.product-type.app-extension";
		};
/* End PBXNativeTarget section */

/* Begin PBXProject section */
		900000000000000000000001 /* Project object */ = {
			isa = PBXProject;
			attributes = {
				BuildIndependentTargetsInParallel = 1;
				LastSwiftUpdateCheck = 2660;
				LastUpgradeCheck = 2660;
				TargetAttributes = {
					700000000000000000000001 = {CreatedOnToolsVersion = 26.6;};
					700000000000000000000002 = {CreatedOnToolsVersion = 26.6; TestTargetID = 700000000000000000000001;};
					700000000000000000000003 = {CreatedOnToolsVersion = 26.6;};
				};
			};
			buildConfigurationList = 800000000000000000000001;
			compatibilityVersion = "Xcode 16.0";
			developmentRegion = en;
			hasScannedForEncodings = 0;
			knownRegions = (en, Base,);
			mainGroup = 500000000000000000000001;
			productRefGroup = 500000000000000000000004;
			projectDirPath = "";
			projectRoot = "";
			targets = (700000000000000000000001, 700000000000000000000002, 700000000000000000000003,);
		};
/* End PBXProject section */

/* Begin PBXResourcesBuildPhase section */
		600000000000000000000002 = {isa = PBXResourcesBuildPhase; buildActionMask = 2147483647; files = (10000000000000000000000E, 100000000000000000000015, 10000000000000000000001D, 10000000000000000000001F,); runOnlyForDeploymentPostprocessing = 0; };
		600000000000000000000005 = {isa = PBXResourcesBuildPhase; buildActionMask = 2147483647; files = (); runOnlyForDeploymentPostprocessing = 0; };
/* End PBXResourcesBuildPhase section */

/* Begin PBXCopyFilesBuildPhase section */
		600000000000000000000006 /* Embed App Extensions */ = {
			isa = PBXCopyFilesBuildPhase;
			buildActionMask = 2147483647;
			dstPath = "";
			dstSubfolderSpec = 13;
			files = (100000000000000000000013,);
			name = "Embed App Extensions";
			runOnlyForDeploymentPostprocessing = 0;
		};
/* End PBXCopyFilesBuildPhase section */

/* Begin PBXSourcesBuildPhase section */
		600000000000000000000001 = {
			isa = PBXSourcesBuildPhase;
			buildActionMask = 2147483647;
			files = (
				100000000000000000000001, 100000000000000000000002, 100000000000000000000003,
				100000000000000000000004, 100000000000000000000005, 100000000000000000000006,
				100000000000000000000007, 100000000000000000000008, 100000000000000000000009,
				10000000000000000000000A, 10000000000000000000000B, 10000000000000000000000C,
				10000000000000000000000D, 100000000000000000000011, 100000000000000000000014,
				100000000000000000000016, 100000000000000000000017, 100000000000000000000018,
				100000000000000000000019,
				100000000000000000000020,
				100000000000000000000021,
				10000000000000000000001C,
				10000000000000000000001E,
			);
			runOnlyForDeploymentPostprocessing = 0;
		};
		600000000000000000000003 = {isa = PBXSourcesBuildPhase; buildActionMask = 2147483647; files = (10000000000000000000000F, 10000000000000000000001A, 10000000000000000000001B,); runOnlyForDeploymentPostprocessing = 0; };
		600000000000000000000004 = {isa = PBXSourcesBuildPhase; buildActionMask = 2147483647; files = (100000000000000000000012,); runOnlyForDeploymentPostprocessing = 0; };
/* End PBXSourcesBuildPhase section */

/* Begin PBXTargetDependency section */
		300000000000000000000002 = {isa = PBXTargetDependency; target = 700000000000000000000001; targetProxy = 300000000000000000000001; };
		300000000000000000000004 = {isa = PBXTargetDependency; target = 700000000000000000000003; targetProxy = 300000000000000000000003; };
/* End PBXTargetDependency section */

/* Begin XCBuildConfiguration section */
		A00000000000000000000001 = {isa = XCBuildConfiguration; buildSettings = {CLANG_ENABLE_MODULES = YES; IPHONEOS_DEPLOYMENT_TARGET = 17.0; SDKROOT = iphoneos; SWIFT_VERSION = 5.0;}; name = Debug;};
		A00000000000000000000002 = {isa = XCBuildConfiguration; buildSettings = {CLANG_ENABLE_MODULES = YES; IPHONEOS_DEPLOYMENT_TARGET = 17.0; SDKROOT = iphoneos; SWIFT_COMPILATION_MODE = wholemodule; SWIFT_VERSION = 5.0;}; name = Release;};
		A00000000000000000000003 = {isa = XCBuildConfiguration; buildSettings = {APS_ENVIRONMENT = development; ASSETCATALOG_COMPILER_APPICON_NAME = AppIcon; CODE_SIGN_ENTITLEMENTS = Zimlo/Zimlo.entitlements; CODE_SIGN_STYLE = Automatic; CURRENT_PROJECT_VERSION = 2; ENABLE_TESTABILITY = YES; GENERATE_INFOPLIST_FILE = NO; INFOPLIST_FILE = Zimlo/Info.plist; MARKETING_VERSION = 0.1; PRODUCT_BUNDLE_IDENTIFIER = com.zimlo.ios; PRODUCT_NAME = "$(TARGET_NAME)"; SUPPORTED_PLATFORMS = "iphoneos iphonesimulator"; SWIFT_EMIT_LOC_STRINGS = YES; SWIFT_OPTIMIZATION_LEVEL = "-Onone"; TARGETED_DEVICE_FAMILY = 1;}; name = Debug;};
		A00000000000000000000004 = {isa = XCBuildConfiguration; buildSettings = {APS_ENVIRONMENT = production; ASSETCATALOG_COMPILER_APPICON_NAME = AppIcon; CODE_SIGN_ENTITLEMENTS = Zimlo/Zimlo.entitlements; CODE_SIGN_STYLE = Automatic; CURRENT_PROJECT_VERSION = 2; GENERATE_INFOPLIST_FILE = NO; INFOPLIST_FILE = Zimlo/Info.plist; MARKETING_VERSION = 0.1; PRODUCT_BUNDLE_IDENTIFIER = com.zimlo.ios; PRODUCT_NAME = "$(TARGET_NAME)"; SUPPORTED_PLATFORMS = "iphoneos iphonesimulator"; SWIFT_EMIT_LOC_STRINGS = YES; TARGETED_DEVICE_FAMILY = 1;}; name = Release;};
		A00000000000000000000005 = {isa = XCBuildConfiguration; buildSettings = {BUNDLE_LOADER = "$(TEST_HOST)"; CODE_SIGN_STYLE = Automatic; GENERATE_INFOPLIST_FILE = YES; IPHONEOS_DEPLOYMENT_TARGET = 17.0; PRODUCT_BUNDLE_IDENTIFIER = com.zimlo.ios.tests; PRODUCT_NAME = "$(TARGET_NAME)"; SUPPORTED_PLATFORMS = "iphoneos iphonesimulator"; SWIFT_VERSION = 5.0; TARGETED_DEVICE_FAMILY = 1; TEST_HOST = "$(BUILT_PRODUCTS_DIR)/Zimlo.app/$(BUNDLE_EXECUTABLE_FOLDER_PATH)/Zimlo";}; name = Debug;};
		A00000000000000000000006 = {isa = XCBuildConfiguration; buildSettings = {BUNDLE_LOADER = "$(TEST_HOST)"; CODE_SIGN_STYLE = Automatic; GENERATE_INFOPLIST_FILE = YES; IPHONEOS_DEPLOYMENT_TARGET = 17.0; PRODUCT_BUNDLE_IDENTIFIER = com.zimlo.ios.tests; PRODUCT_NAME = "$(TARGET_NAME)"; SUPPORTED_PLATFORMS = "iphoneos iphonesimulator"; SWIFT_VERSION = 5.0; TARGETED_DEVICE_FAMILY = 1; TEST_HOST = "$(BUILT_PRODUCTS_DIR)/Zimlo.app/$(BUNDLE_EXECUTABLE_FOLDER_PATH)/Zimlo";}; name = Release;};
		A00000000000000000000007 = {isa = XCBuildConfiguration; buildSettings = {APPLICATION_EXTENSION_API_ONLY = YES; CODE_SIGN_ENTITLEMENTS = ZimloNotificationService/ZimloNotificationService.entitlements; CODE_SIGN_STYLE = Automatic; CURRENT_PROJECT_VERSION = 2; GENERATE_INFOPLIST_FILE = NO; INFOPLIST_FILE = ZimloNotificationService/Info.plist; IPHONEOS_DEPLOYMENT_TARGET = 17.0; MARKETING_VERSION = 0.1; PRODUCT_BUNDLE_IDENTIFIER = com.zimlo.ios.NotificationService; PRODUCT_NAME = "$(TARGET_NAME)"; SKIP_INSTALL = YES; SUPPORTED_PLATFORMS = "iphoneos iphonesimulator"; SWIFT_VERSION = 5.0; TARGETED_DEVICE_FAMILY = 1;}; name = Debug;};
		A00000000000000000000008 = {isa = XCBuildConfiguration; buildSettings = {APPLICATION_EXTENSION_API_ONLY = YES; CODE_SIGN_ENTITLEMENTS = ZimloNotificationService/ZimloNotificationService.entitlements; CODE_SIGN_STYLE = Automatic; CURRENT_PROJECT_VERSION = 2; GENERATE_INFOPLIST_FILE = NO; INFOPLIST_FILE = ZimloNotificationService/Info.plist; IPHONEOS_DEPLOYMENT_TARGET = 17.0; MARKETING_VERSION = 0.1; PRODUCT_BUNDLE_IDENTIFIER = com.zimlo.ios.NotificationService; PRODUCT_NAME = "$(TARGET_NAME)"; SKIP_INSTALL = YES; SUPPORTED_PLATFORMS = "iphoneos iphonesimulator"; SWIFT_VERSION = 5.0; TARGETED_DEVICE_FAMILY = 1;}; name = Release;};
/* End XCBuildConfiguration section */

/* Begin XCConfigurationList section */
		800000000000000000000001 = {isa = XCConfigurationList; buildConfigurations = (A00000000000000000000001, A00000000000000000000002,); defaultConfigurationIsVisible = 0; defaultConfigurationName = Release;};
		800000000000000000000002 = {isa = XCConfigurationList; buildConfigurations = (A00000000000000000000003, A00000000000000000000004,); defaultConfigurationIsVisible = 0; defaultConfigurationName = Release;};
		800000000000000000000003 = {isa = XCConfigurationList; buildConfigurations = (A00000000000000000000005, A00000000000000000000006,); defaultConfigurationIsVisible = 0; defaultConfigurationName = Release;};
		800000000000000000000004 = {isa = XCConfigurationList; buildConfigurations = (A00000000000000000000007, A00000000000000000000008,); defaultConfigurationIsVisible = 0; defaultConfigurationName = Release;};
/* End XCConfigurationList section */
	};
	rootObject = 900000000000000000000001;
}
